{
  "lockfileVersion": 1,
  "configVersion": 1,
  "workspaces": {
    "": {
      "name": "qara-v2",
      "devDependencies": {
        "@boundaryml/baml": "^0.214.0",
        "@types/bun": "latest",
      },
      "peerDependencies": {
        "typescript": "^5",
      },
    },
  },
  "packages": {
    "@boundaryml/baml": ["@boundaryml/baml@0.214.0", "", { "dependencies": { "@scarf/scarf": "^1.3.0" }, "optionalDependencies": { "@boundaryml/baml-darwin-arm64": "0.214.0", "@boundaryml/baml-darwin-x64": "0.214.0", "@boundaryml/baml-linux-arm64-gnu": "0.214.0", "@boundaryml/baml-linux-arm64-musl": "0.214.0", "@boundaryml/baml-linux-x64-gnu": "0.214.0", "@boundaryml/baml-linux-x64-musl": "0.214.0", "@boundaryml/baml-win32-x64-msvc": "0.214.0" }, "bin": { "baml-cli": "cli.js", "baml": "cli.js" } }, "sha512-w2FBsK0LBsFtQ5qSsSoL3Gp+aGg/qefzqSY6Bkyg/Obyj1U4T7WK+HyNTOKHx0pLdXKXGjmfNKLZZXzPb+/KHw=="],

    "@boundaryml/baml-darwin-arm64": ["@boundaryml/baml-darwin-arm64@0.214.0", "", { "os": "darwin", "cpu": "arm64" }, "sha512-qCXHwf1VP79jNqhS1/X/XAEPb9jDRDcHkwA7i4t2LJk0uN/j3Yy1dtCj1+VVFq6FW1uOwYSb4ieZLdZ/0w4UVQ=="],

    "@boundaryml/baml-darwin-x64": ["@boundaryml/baml-darwin-x64@0.214.0", "", { "os": "darwin", "cpu": "x64" }, "sha512-/2MOM+QTucCbPlAxaTBPG/ZFFaYaV7H2DhDg5VcS1l43JxYpMAili/lslWbfQRa/ZgxfU44Jp4ptLkr+1fNPuw=="],

    "@boundaryml/baml-linux-arm64-gnu": ["@boundaryml/baml-linux-arm64-gnu@0.214.0", "", { "os": "linux", "cpu": "arm64" }, "sha512-9suGfkdAOYS49C/Z2YAioaPCpOV6reJmPPDiFSg6CbHD3yMWHYHgeOTWpOdB+xpKZJqiB0Q1wyaXTF/UxF3HdA=="],

    "@boundaryml/baml-linux-arm64-musl": ["@boundaryml/baml-linux-arm64-musl@0.214.0", "", { "os": "linux", "cpu": "arm64" }, "sha512-LMH8m8Er/V6x1BsPCdsX0W4zxdMmk+4wE2YjS3DJisjA8/fZTyk4I8wl01Qf3Azq3GSAKtlBeP70+w2KKrQTkg=="],

    "@boundaryml/baml-linux-x64-gnu": ["@boundaryml/baml-linux-x64-gnu@0.214.0", "", { "os": "linux", "cpu": "x64" }, "sha512-3JZ/BZeVpgMvcB6rvI4dJ9amCt+cGmyl7DYaNY9csF2vnr8JltRmA4fTSUWq9F5vk9la3juDvLHmUKhQRlVaPw=="],

    "@boundaryml/baml-linux-x64-musl": ["@boundaryml/baml-linux-x64-musl@0.214.0", "", { "os": "linux", "cpu": "x64" }, "sha512-XMowDiaqbT4DsOVMCdg3Rc8RjyyXQLXjKSvuj5gsuf09AkMceN7niJO4+OhvWKWH2l3eMjRMaT2Dp32quMzXHA=="],

    "@boundaryml/baml-win32-x64-msvc": ["@boundaryml/baml-win32-x64-msvc@0.214.0", "", { "os": "win32", "cpu": "x64" }, "sha512-IUdaaJr4v8PdCY8Te+h7E6sLw+wPicPTvAPBO3FAYz5e3/h7J6pjeBcsmy/MdduNVPUC5AB3V+TbIFsvRJcN9w=="],

    "@scarf/scarf": ["@scarf/scarf@1.4.0", "", {}, "sha512-xxeapPiUXdZAE3che6f3xogoJPeZgig6omHEy1rIY5WVsB3H2BHNnZH+gHG6x91SCWyQCzWGsuL2Hh3ClO5/qQ=="],

    "@types/bun": ["@types/bun@1.3.3", "", { "dependencies": { "bun-types": "1.3.3" } }, "sha512-ogrKbJ2X5N0kWLLFKeytG0eHDleBYtngtlbu9cyBKFtNL3cnpDZkNdQj8flVf6WTZUX5ulI9AY1oa7ljhSrp+g=="],

    "@types/node": ["@types/node@24.10.1", "", { "dependencies": { "undici-types": "~7.16.0" } }, "sha512-GNWcUTRBgIRJD5zj+Tq0fKOJ5XZajIiBroOF0yvj2bSU1WvNdYS/dn9UxwsujGW4JX06dnHyjV2y9rRaybH0iQ=="],

    "bun-types": ["bun-types@1.3.3", "", { "dependencies": { "@types/node": "*" } }, "sha512-z3Xwlg7j2l9JY27x5Qn3Wlyos8YAp0kKRlrePAOjgjMGS5IG6E7Jnlx736vH9UVI4wUICwwhC9anYL++XeOgTQ=="],

    "typescript": ["typescript@5.9.3", "", { "bin": { "tsc": "bin/tsc", "tsserver": "bin/tsserver" } }, "sha512-jl1vZzPDinLr9eUt3J/t7V6FgNEw9QjvBPdysz9KfQDD41fQrC2Y4vKQdiaUpFT4bXlb1RHhLpp8wtm6M5TgSw=="],

    "undici-types": ["undici-types@7.16.0", "", {}, "sha512-Zz+aZWSj8LE6zoxD+xrjh4VfkIG8Ya6LvYkZqtUQGJPZjYl53ypCaUwWqo7eI0x66KBGeRo+mlBEkMSeSZ38Nw=="],
  }
}
